
Microsoft Visual Studio Solution File, Format Version 12.00
# Visual Studio Version 16
VisualStudioVersion = 16.0.30011.22
MinimumVisualStudioVersion = 10.0.40219.1
Project("{FAE04EC0-301F-11D3-BF4B-00C04F79EFBC}") = "twitchConnectChat", "twitchConnectChat\twitchConnectChat.csproj", "{AE36B476-B306-433B-83A0-3FE433A1A0AE}"
EndProject
Global
	GlobalSection(SolutionConfigurationPlatforms) = preSolution
		Debug|Any CPU = Debug|Any CPU
		Release|Any CPU = Release|Any CPU
	EndGlobalSection
	GlobalSection(ProjectConfigurationPlatforms) = postSolution
		{AE36B476-B306-433B-83A0-3FE433A1A0AE}.Debug|Any CPU.ActiveCfg = Debug|Any CPU
		{AE36B476-B306-433B-83A0-3FE433A1A0AE}.Debug|Any CPU.Build.0 = Debug|Any CPU
		{AE36B476-B306-433B-83A0-3FE433A1A0AE}.Release|Any CPU.ActiveCfg = Release|Any CPU
		{AE36B476-B306-433B-83A0-3FE433A1A0AE}.Release|Any CPU.Build.0 = Release|Any CPU
	EndGlobalSection
	GlobalSection(SolutionProperties) = preSolution
		HideSolutionNode = FALSE
	EndGlobalSection
	GlobalSection(ExtensibilityGlobals) = postSolution
		SolutionGuid = {725B576C-8FF9-4E32-A980-4B69B11485C5}
	EndGlobalSection
EndGlobal
